lockfileVersion: 5.3

specifiers:
  vitepress: ^0.20.0

devDependencies:
  vitepress: 0.20.0

packages:

  /@algolia/cache-browser-local-storage/4.11.0:
    resolution: {integrity: sha1-HBaK3QCzmKhg22yGA54zsoQ6lCU=}
    dependencies:
      '@algolia/cache-common': 4.11.0
    dev: true

  /@algolia/cache-common/4.11.0:
    resolution: {integrity: sha1-Bm/m1YsY5LAo2++buN4HxeIqNZQ=}
    dev: true

  /@algolia/cache-in-memory/4.11.0:
    resolution: {integrity: sha1-djyMtlXm/SJhWI4EIU/KCVmsB8E=}
    dependencies:
      '@algolia/cache-common': 4.11.0
    dev: true

  /@algolia/client-account/4.11.0:
    resolution: {integrity: sha1-Z/rdOwgCsBPrqqS0e7e6uuiSN04=}
    dependencies:
      '@algolia/client-common': 4.11.0
      '@algolia/client-search': 4.11.0
      '@algolia/transporter': 4.11.0
    dev: true

  /@algolia/client-analytics/4.11.0:
    resolution: {integrity: sha1-y9yBKCBeLadJyvx55UcI0UxBOXQ=}
    dependencies:
      '@algolia/client-common': 4.11.0
      '@algolia/client-search': 4.11.0
      '@algolia/requester-common': 4.11.0
      '@algolia/transporter': 4.11.0
    dev: true

  /@algolia/client-common/4.11.0:
    resolution: {integrity: sha1-mi0fb46q0lul1tTOMHulvYTm+Zk=}
    dependencies:
      '@algolia/requester-common': 4.11.0
      '@algolia/transporter': 4.11.0
    dev: true

  /@algolia/client-personalization/4.11.0:
    resolution: {integrity: sha1-078Odg+F34drS69bgZlvCqOlmUA=}
    dependencies:
      '@algolia/client-common': 4.11.0
      '@algolia/requester-common': 4.11.0
      '@algolia/transporter': 4.11.0
    dev: true

  /@algolia/client-search/4.11.0:
    resolution: {integrity: sha1-wRBdcVoqBLonIx7KhvXWYg9o9K4=}
    dependencies:
      '@algolia/client-common': 4.11.0
      '@algolia/requester-common': 4.11.0
      '@algolia/transporter': 4.11.0
    dev: true

  /@algolia/logger-common/4.11.0:
    resolution: {integrity: sha1-usHC1Z0p3uN4tXQSyO3UNbl95mM=}
    dev: true

  /@algolia/logger-console/4.11.0:
    resolution: {integrity: sha1-ztGeOrsi63gu1SaNUe+1qp7xCe8=}
    dependencies:
      '@algolia/logger-common': 4.11.0
    dev: true

  /@algolia/requester-browser-xhr/4.11.0:
    resolution: {integrity: sha1-+eGtVvGFQyqo3ejK1Tricf1dYYE=}
    dependencies:
      '@algolia/requester-common': 4.11.0
    dev: true

  /@algolia/requester-common/4.11.0:
    resolution: {integrity: sha1-0W3pjT/3JDS6w55NkV6rCANZRqk=}
    dev: true

  /@algolia/requester-node-http/4.11.0:
    resolution: {integrity: sha1-vrK2to1fTOFa7IDt5iPwrJaZE2g=}
    dependencies:
      '@algolia/requester-common': 4.11.0
    dev: true

  /@algolia/transporter/4.11.0:
    resolution: {integrity: sha1-qN48FzCTzs6wKya1dzlc47PUuW8=}
    dependencies:
      '@algolia/cache-common': 4.11.0
      '@algolia/logger-common': 4.11.0
      '@algolia/requester-common': 4.11.0
    dev: true

  /@babel/parser/7.16.2:
    resolution: {integrity: sha1-NyPNXI2Hc+75bOV+odm3+qzNEqw=}
    engines: {node: '>=6.0.0'}
    hasBin: true
    dev: true

  /@docsearch/css/1.0.0-alpha.28:
    resolution: {integrity: sha1-yKLNjBuzpoVcUYkunb2rXUL+biM=}
    dev: true

  /@docsearch/js/1.0.0-alpha.28:
    resolution: {integrity: sha1-8P3nuKax4dinrh52VcQ9lZtFeys=}
    dependencies:
      '@docsearch/react': 1.0.0-alpha.28
      preact: 10.5.15
    transitivePeerDependencies:
      - react
      - react-dom
    dev: true

  /@docsearch/react/1.0.0-alpha.28:
    resolution: {integrity: sha1-TwOe15+LMzKxmldneyGa68UBDp0=}
    peerDependencies:
      react: ^16.8.0
      react-dom: ^16.8.0
    dependencies:
      '@docsearch/css': 1.0.0-alpha.28
      '@francoischalifour/autocomplete-core': 1.0.0-alpha.28
      '@francoischalifour/autocomplete-preset-algolia': 1.0.0-alpha.28
      algoliasearch: 4.11.0
    dev: true

  /@francoischalifour/autocomplete-core/1.0.0-alpha.28:
    resolution: {integrity: sha1-a52EkSiOd/gx6bNF1GFiOw0/UAU=}
    dev: true

  /@francoischalifour/autocomplete-preset-algolia/1.0.0-alpha.28:
    resolution: {integrity: sha1-pa15lvQuQ+Ssu04AENZjdG0OmZc=}
    dev: true

  /@vitejs/plugin-vue/1.9.4_vite@2.6.13:
    resolution: {integrity: sha1-T0hIVDLLuYap+50lTcM84w3cy/o=}
    engines: {node: '>=12.0.0'}
    peerDependencies:
      vite: ^2.5.10
    dependencies:
      vite: 2.6.13
    dev: true

  /@vue/compiler-core/3.2.21:
    resolution: {integrity: sha1-JlZsMrKtg4GZ1HHvXfYgqDhG8k4=}
    dependencies:
      '@babel/parser': 7.16.2
      '@vue/shared': 3.2.21
      estree-walker: 2.0.2
      source-map: 0.6.1
    dev: true

  /@vue/compiler-dom/3.2.21:
    resolution: {integrity: sha1-1vbIU2TviIj5xOkSK/uhHnj7OYw=}
    dependencies:
      '@vue/compiler-core': 3.2.21
      '@vue/shared': 3.2.21
    dev: true

  /@vue/compiler-sfc/3.2.21:
    resolution: {integrity: sha1-QmOe5J5yWvt9jx0ZQOddwXpWACw=}
    dependencies:
      '@babel/parser': 7.16.2
      '@vue/compiler-core': 3.2.21
      '@vue/compiler-dom': 3.2.21
      '@vue/compiler-ssr': 3.2.21
      '@vue/ref-transform': 3.2.21
      '@vue/shared': 3.2.21
      estree-walker: 2.0.2
      magic-string: 0.25.7
      postcss: 8.3.11
      source-map: 0.6.1
    dev: true

  /@vue/compiler-ssr/3.2.21:
    resolution: {integrity: sha1-N9Ek+J6K3vn9VrhXdd5LUxCgQ24=}
    dependencies:
      '@vue/compiler-dom': 3.2.21
      '@vue/shared': 3.2.21
    dev: true

  /@vue/reactivity/3.2.21:
    resolution: {integrity: sha1-BzrRRBku14oH4VHpWjuqUV5AmaI=}
    dependencies:
      '@vue/shared': 3.2.21
    dev: true

  /@vue/ref-transform/3.2.21:
    resolution: {integrity: sha1-sMVUyfZAw/AF935nYGaqD6upCYQ=}
    dependencies:
      '@babel/parser': 7.16.2
      '@vue/compiler-core': 3.2.21
      '@vue/shared': 3.2.21
      estree-walker: 2.0.2
      magic-string: 0.25.7
    dev: true

  /@vue/runtime-core/3.2.21:
    resolution: {integrity: sha1-4S2sjDiTt66/w34yBmcY2KpoasU=}
    dependencies:
      '@vue/reactivity': 3.2.21
      '@vue/shared': 3.2.21
    dev: true

  /@vue/runtime-dom/3.2.21:
    resolution: {integrity: sha1-M90VvIUoHncxd6MNxpMcKUvXeqE=}
    dependencies:
      '@vue/runtime-core': 3.2.21
      '@vue/shared': 3.2.21
      csstype: 2.6.18
    dev: true

  /@vue/server-renderer/3.2.21_vue@3.2.21:
    resolution: {integrity: sha1-iH0KRN529yMTz/JoaiTAMVIx1jQ=}
    peerDependencies:
      vue: 3.2.21
    dependencies:
      '@vue/compiler-ssr': 3.2.21
      '@vue/shared': 3.2.21
      vue: 3.2.21
    dev: true

  /@vue/shared/3.2.21:
    resolution: {integrity: sha1-TNgMDmLPZaetqyRJ6GtvDLM6Ews=}
    dev: true

  /algoliasearch/4.11.0:
    resolution: {integrity: sha1-I0vvs6w1XAlAd/Dt83dyQLHuATw=}
    dependencies:
      '@algolia/cache-browser-local-storage': 4.11.0
      '@algolia/cache-common': 4.11.0
      '@algolia/cache-in-memory': 4.11.0
      '@algolia/client-account': 4.11.0
      '@algolia/client-analytics': 4.11.0
      '@algolia/client-common': 4.11.0
      '@algolia/client-personalization': 4.11.0
      '@algolia/client-search': 4.11.0
      '@algolia/logger-common': 4.11.0
      '@algolia/logger-console': 4.11.0
      '@algolia/requester-browser-xhr': 4.11.0
      '@algolia/requester-common': 4.11.0
      '@algolia/requester-node-http': 4.11.0
      '@algolia/transporter': 4.11.0
    dev: true

  /csstype/2.6.18:
    resolution: {integrity: sha1-mAqLUwhfNK8xNBCvBk8r0kF4Qhg=}
    dev: true

  /esbuild-android-arm64/0.13.12:
    resolution: {integrity: sha1-4fGZ3AVAXNxmcMAPtseTgiv4rkw=}
    cpu: [arm64]
    os: [android]
    requiresBuild: true
    dev: true
    optional: true

  /esbuild-darwin-64/0.13.12:
    resolution: {integrity: sha1-9cWeYilVwB8FDlp6ycHUHbcUuU0=}
    cpu: [x64]
    os: [darwin]
    requiresBuild: true
    dev: true
    optional: true

  /esbuild-darwin-arm64/0.13.12:
    resolution: {integrity: sha1-irrnTClWqKpWj8UseIKTOMSkuYg=}
    cpu: [arm64]
    os: [darwin]
    requiresBuild: true
    dev: true
    optional: true

  /esbuild-freebsd-64/0.13.12:
    resolution: {integrity: sha1-atKrjANk7n3S1uMk2Hao5grnXRI=}
    cpu: [x64]
    os: [freebsd]
    requiresBuild: true
    dev: true
    optional: true

  /esbuild-freebsd-arm64/0.13.12:
    resolution: {integrity: sha1-bzgVX0wwCsTIrd4f3jzGpEQKgpQ=}
    cpu: [arm64]
    os: [freebsd]
    requiresBuild: true
    dev: true
    optional: true

  /esbuild-linux-32/0.13.12:
    resolution: {integrity: sha1-sdFeMwGIqMId51w/AFhiij7vrec=}
    cpu: [ia32]
    os: [linux]
    requiresBuild: true
    dev: true
    optional: true

  /esbuild-linux-64/0.13.12:
    resolution: {integrity: sha1-Jb1ktmFisCNI4y2PEuTJ7mHx0HA=}
    cpu: [x64]
    os: [linux]
    requiresBuild: true
    dev: true
    optional: true

  /esbuild-linux-arm/0.13.12:
    resolution: {integrity: sha1-a8gclXv/InJWiMxjWcKaJXZb4Js=}
    cpu: [arm]
    os: [linux]
    requiresBuild: true
    dev: true
    optional: true

  /esbuild-linux-arm64/0.13.12:
    resolution: {integrity: sha1-ulgimEV8xcmsgjonXeEXYgwGU38=}
    cpu: [arm64]
    os: [linux]
    requiresBuild: true
    dev: true
    optional: true

  /esbuild-linux-mips64le/0.13.12:
    resolution: {integrity: sha1-7zxKuj5YXYR8ut5ZRai0pcYsfOI=}
    cpu: [mips64el]
    os: [linux]
    requiresBuild: true
    dev: true
    optional: true

  /esbuild-linux-ppc64le/0.13.12:
    resolution: {integrity: sha1-oh+2ToDDi+8GEi5IKDmQ/G21eOE=}
    cpu: [ppc64]
    os: [linux]
    requiresBuild: true
    dev: true
    optional: true

  /esbuild-netbsd-64/0.13.12:
    resolution: {integrity: sha1-Hqf8jPzoiiCkBHuGfvGEBJpmQa4=}
    cpu: [x64]
    os: [netbsd]
    requiresBuild: true
    dev: true
    optional: true

  /esbuild-openbsd-64/0.13.12:
    resolution: {integrity: sha1-rd4y8vGwXcS9T8VE1upaQ3n5yk0=}
    cpu: [x64]
    os: [openbsd]
    requiresBuild: true
    dev: true
    optional: true

  /esbuild-sunos-64/0.13.12:
    resolution: {integrity: sha1-p+yvUrc2T77nbciqcH+j4c/zNCw=}
    cpu: [x64]
    os: [sunos]
    requiresBuild: true
    dev: true
    optional: true

  /esbuild-windows-32/0.13.12:
    resolution: {integrity: sha1-qHVgM9yQXEt76hm+affuaICfh3A=}
    cpu: [ia32]
    os: [win32]
    requiresBuild: true
    dev: true
    optional: true

  /esbuild-windows-64/0.13.12:
    resolution: {integrity: sha1-rmlKpmygeKy4UJstoxGX7R9A95g=}
    cpu: [x64]
    os: [win32]
    requiresBuild: true
    dev: true
    optional: true

  /esbuild-windows-arm64/0.13.12:
    resolution: {integrity: sha1-eCxai9bXF+pVqq/mSPmSbKNqSog=}
    cpu: [arm64]
    os: [win32]
    requiresBuild: true
    dev: true
    optional: true

  /esbuild/0.13.12:
    resolution: {integrity: sha1-nKxkFZS/A880FFJYwJPXQ+u958o=}
    hasBin: true
    requiresBuild: true
    optionalDependencies:
      esbuild-android-arm64: 0.13.12
      esbuild-darwin-64: 0.13.12
      esbuild-darwin-arm64: 0.13.12
      esbuild-freebsd-64: 0.13.12
      esbuild-freebsd-arm64: 0.13.12
      esbuild-linux-32: 0.13.12
      esbuild-linux-64: 0.13.12
      esbuild-linux-arm: 0.13.12
      esbuild-linux-arm64: 0.13.12
      esbuild-linux-mips64le: 0.13.12
      esbuild-linux-ppc64le: 0.13.12
      esbuild-netbsd-64: 0.13.12
      esbuild-openbsd-64: 0.13.12
      esbuild-sunos-64: 0.13.12
      esbuild-windows-32: 0.13.12
      esbuild-windows-64: 0.13.12
      esbuild-windows-arm64: 0.13.12
    dev: true

  /estree-walker/2.0.2:
    resolution: {integrity: sha1-UvAQF4wqTBF6d1fP6UKtt9LaTKw=}
    dev: true

  /fsevents/2.3.2:
    resolution: {integrity: sha1-ilJveLj99GI7cJ4Ll1xSwkwC/Ro=}
    engines: {node: ^8.16.0 || ^10.6.0 || >=11.0.0}
    os: [darwin]
    requiresBuild: true
    dev: true
    optional: true

  /function-bind/1.1.1:
    resolution: {integrity: sha1-pWiZ0+o8m6uHS7l3O3xe3pL0iV0=}
    dev: true

  /has/1.0.3:
    resolution: {integrity: sha1-ci18v8H2qoJB8W3YFOAR4fQeh5Y=}
    engines: {node: '>= 0.4.0'}
    dependencies:
      function-bind: 1.1.1
    dev: true

  /is-core-module/2.8.0:
    resolution: {integrity: sha1-AyEzbD0JJeSX/Zf12VyxFKXM1Ug=}
    dependencies:
      has: 1.0.3
    dev: true

  /magic-string/0.25.7:
    resolution: {integrity: sha1-P0l9b9NMZpxnmNy4IfLvMfVEUFE=}
    dependencies:
      sourcemap-codec: 1.4.8
    dev: true

  /nanoid/3.1.30:
    resolution: {integrity: sha1-Y/k8xUjSoRPcXfvGO/oJ4rm2Q2I=}
    engines: {node: ^10 || ^12 || ^13.7 || ^14 || >=15.0.1}
    hasBin: true
    dev: true

  /path-parse/1.0.7:
    resolution: {integrity: sha1-+8EUtgykKzDZ2vWFjkvWi77bZzU=}
    dev: true

  /picocolors/1.0.0:
    resolution: {integrity: sha1-y1vcdP8/UYkiNur3nWi8RFZKuBw=}
    dev: true

  /postcss/8.3.11:
    resolution: {integrity: sha1-w77KfqgRzV4cSj7G0udZnvH4+Fg=}
    engines: {node: ^10 || ^12 || >=14}
    dependencies:
      nanoid: 3.1.30
      picocolors: 1.0.0
      source-map-js: 0.6.2
    dev: true

  /preact/10.5.15:
    resolution: {integrity: sha1-bflNiv7PP54Qp0L9jDYt2rRkIl8=}
    dev: true

  /prismjs/1.25.0:
    resolution: {integrity: sha1-b4It8b2tllc0sxCzFaIzFc+Zl1Y=}
    dev: true

  /resolve/1.20.0:
    resolution: {integrity: sha1-YpoBP7P3B1XW8LeTXMHCxTeLGXU=}
    dependencies:
      is-core-module: 2.8.0
      path-parse: 1.0.7
    dev: true

  /rollup/2.59.0:
    resolution: {integrity: sha1-EIxhsPoKN+vI0fFk8oFiIFbw21k=}
    engines: {node: '>=10.0.0'}
    hasBin: true
    optionalDependencies:
      fsevents: 2.3.2
    dev: true

  /source-map-js/0.6.2:
    resolution: {integrity: sha1-C7XeYxtBz72mz7qL0FqA79/SOF4=}
    engines: {node: '>=0.10.0'}
    dev: true

  /source-map/0.6.1:
    resolution: {integrity: sha1-dHIq8y6WFOnCh6jQu95IteLxomM=}
    engines: {node: '>=0.10.0'}
    dev: true

  /sourcemap-codec/1.4.8:
    resolution: {integrity: sha1-6oBL2UhXQC5pktBaOO8a41qatMQ=}
    dev: true

  /vite/2.6.13:
    resolution: {integrity: sha1-FrPshaZtW0YawpqQOHTUNX+a9DI=}
    engines: {node: '>=12.2.0'}
    hasBin: true
    peerDependencies:
      less: '*'
      sass: '*'
      stylus: '*'
    peerDependenciesMeta:
      less:
        optional: true
      sass:
        optional: true
      stylus:
        optional: true
    dependencies:
      esbuild: 0.13.12
      postcss: 8.3.11
      resolve: 1.20.0
      rollup: 2.59.0
    optionalDependencies:
      fsevents: 2.3.2
    dev: true

  /vitepress/0.20.0:
    resolution: {integrity: sha1-60+Gq7epDp3FLFlftcxjyitxfGA=}
    engines: {node: '>=12.0.0'}
    hasBin: true
    dependencies:
      '@docsearch/css': 1.0.0-alpha.28
      '@docsearch/js': 1.0.0-alpha.28
      '@vitejs/plugin-vue': 1.9.4_vite@2.6.13
      prismjs: 1.25.0
      vite: 2.6.13
      vue: 3.2.21
    transitivePeerDependencies:
      - less
      - react
      - react-dom
      - sass
      - stylus
    dev: true

  /vue/3.2.21:
    resolution: {integrity: sha1-VfVmUXLZXPl+gGuarQo3UYC+I6E=}
    dependencies:
      '@vue/compiler-dom': 3.2.21
      '@vue/compiler-sfc': 3.2.21
      '@vue/runtime-dom': 3.2.21
      '@vue/server-renderer': 3.2.21_vue@3.2.21
      '@vue/shared': 3.2.21
    dev: true
